# This file is automatically @generated by Cargo.
# It is not intended for manual editing.
version = 4

[[package]]
name = "fabric-bench"
version = "0.1.0"
dependencies = [
 "fabric-core",
]

[[package]]
name = "fabric-core"
version = "0.1.0"

[[package]]
name = "idcp-bench"
version = "0.1.0"
dependencies = [
 "idcp-system",
]

[[package]]
name = "idcp-flow"
version = "0.1.0"
dependencies = [
 "fabric-core",
]

[[package]]
name = "idcp-memory"
version = "0.1.0"

[[package]]
name = "idcp-placement"
version = "0.1.0"

[[package]]
name = "idcp-pressure"
version = "0.1.0"
dependencies = [
 "idcp-memory",
]

[[package]]
name = "idcp-system"
version = "0.1.0"
dependencies = [
 "fabric-core",
 "idcp-flow",
 "idcp-memory",
 "idcp-placement",
 "idcp-pressure",
]

[[package]]
name = "idcpd"
version = "0.1.0"
dependencies = [
 "idcp-system",
]

[[package]]
name = "memory-lab"
version = "0.1.0"
